
Microsoft Visual Studio Solution File, Format Version 12.00
# Visual Studio Version 17
VisualStudioVersion = 17.14.36518.9 d17.14
MinimumVisualStudioVersion = 10.0.40219.1
Project("{8BC9CEB8-8B4A-11D0-8D11-00A0C91BC942}") = "2laba1", "2laba1.vcxproj", "{D8D7702D-F0D9-4CA1-91A1-05C1DF176A3A}"
EndProject
Global
	GlobalSection(SolutionConfigurationPlatforms) = preSolution
		Debug|x64 = Debug|x64
		Debug|x86 = Debug|x86
		Release|x64 = Release|x64
		Release|x86 = Release|x86
	EndGlobalSection
	GlobalSection(ProjectConfigurationPlatforms) = postSolution
		{D8D7702D-F0D9-4CA1-91A1-05C1DF176A3A}.Debug|x64.ActiveCfg = Debug|x64
		{D8D7702D-F0D9-4CA1-91A1-05C1DF176A3A}.Debug|x64.Build.0 = Debug|x64
		{D8D7702D-F0D9-4CA1-91A1-05C1DF176A3A}.Debug|x86.ActiveCfg = Debug|Win32
		{D8D7702D-F0D9-4CA1-91A1-05C1DF176A3A}.Debug|x86.Build.0 = Debug|Win32
		{D8D7702D-F0D9-4CA1-91A1-05C1DF176A3A}.Release|x64.ActiveCfg = Release|x64
		{D8D7702D-F0D9-4CA1-91A1-05C1DF176A3A}.Release|x64.Build.0 = Release|x64
		{D8D7702D-F0D9-4CA1-91A1-05C1DF176A3A}.Release|x86.ActiveCfg = Release|Win32
		{D8D7702D-F0D9-4CA1-91A1-05C1DF176A3A}.Release|x86.Build.0 = Release|Win32
	EndGlobalSection
	GlobalSection(SolutionProperties) = preSolution
		HideSolutionNode = FALSE
	EndGlobalSection
	GlobalSection(ExtensibilityGlobals) = postSolution
		SolutionGuid = {6F247CD5-9E2A-421F-ADF1-45485BEBDFED}
	EndGlobalSection
EndGlobal
